
Microsoft Visual Studio Solution File, Format Version 12.00
# Visual Studio 15
VisualStudioVersion = 15.0.28307.329
MinimumVisualStudioVersion = 10.0.40219.1
Project("{FAE04EC0-301F-11D3-BF4B-00C04F79EFBC}") = "ElevenNote.WebMVC", "ElevenNote.WebMVC\ElevenNote.WebMVC.csproj", "{514FE967-2EA9-438F-A2FC-D75BEA2DF3CC}"
EndProject
Global
	GlobalSection(SolutionConfigurationPlatforms) = preSolution
		Debug|Any CPU = Debug|Any CPU
		Release|Any CPU = Release|Any CPU
	EndGlobalSection
	GlobalSection(ProjectConfigurationPlatforms) = postSolution
		{514FE967-2EA9-438F-A2FC-D75BEA2DF3CC}.Debug|Any CPU.ActiveCfg = Debug|Any CPU
		{514FE967-2EA9-438F-A2FC-D75BEA2DF3CC}.Debug|Any CPU.Build.0 = Debug|Any CPU
		{514FE967-2EA9-438F-A2FC-D75BEA2DF3CC}.Release|Any CPU.ActiveCfg = Release|Any CPU
		{514FE967-2EA9-438F-A2FC-D75BEA2DF3CC}.Release|Any CPU.Build.0 = Release|Any CPU
	EndGlobalSection
	GlobalSection(SolutionProperties) = preSolution
		HideSolutionNode = FALSE
	EndGlobalSection
	GlobalSection(ExtensibilityGlobals) = postSolution
		SolutionGuid = {D3601C2B-C892-4EEE-8F2D-B6FBA5361286}
	EndGlobalSection
EndGlobal
